
Microsoft Visual Studio Solution File, Format Version 12.00
# Visual Studio 15
Project("{FAE04EC0-301F-11D3-BF4B-00C04F79EFBC}") = "Assembly-CSharp", "Assembly-CSharp.csproj", "{546E18E4-AECE-B3FB-F632-6BECF8A887CF}"
EndProject
Project("{FAE04EC0-301F-11D3-BF4B-00C04F79EFBC}") = "TobiiXRDevTools", "TobiiXRDevTools.csproj", "{F42233A5-C7DF-9CB0-B3FC-0CBB95931519}"
EndProject
Project("{FAE04EC0-301F-11D3-BF4B-00C04F79EFBC}") = "TobiiXRSDK", "TobiiXRSDK.csproj", "{B8B7D499-8FF0-4C70-E1B5-3A914BF14183}"
EndProject
Project("{FAE04EC0-301F-11D3-BF4B-00C04F79EFBC}") = "TobiiXRCore", "TobiiXRCore.csproj", "{6038FEFE-A958-3477-5913-4410EBEC17C9}"
EndProject
Project("{FAE04EC0-301F-11D3-BF4B-00C04F79EFBC}") = "TobiiXRG2OM", "TobiiXRG2OM.csproj", "{476D251F-1077-CD70-5E6E-DCB1D9013A3E}"
EndProject
Project("{FAE04EC0-301F-11D3-BF4B-00C04F79EFBC}") = "TobiiXRInternalEditor", "TobiiXRInternalEditor.csproj", "{AC3DB59F-DB6A-180B-3DBE-E9CAD9EE80A1}"
EndProject
Project("{FAE04EC0-301F-11D3-BF4B-00C04F79EFBC}") = "TobiiXREditor", "TobiiXREditor.csproj", "{3AEFE3ED-CA1C-B4B0-6D63-0DB3CC82D4A8}"
EndProject
Project("{FAE04EC0-301F-11D3-BF4B-00C04F79EFBC}") = "GazeModifierEditor", "GazeModifierEditor.csproj", "{10AD4137-5CBF-B88C-BCC8-43AD42935E80}"
EndProject
Global
	GlobalSection(SolutionConfigurationPlatforms) = preSolution
		Debug|Any CPU = Debug|Any CPU
		Release|Any CPU = Release|Any CPU
	EndGlobalSection
	GlobalSection(ProjectConfigurationPlatforms) = postSolution
		{546E18E4-AECE-B3FB-F632-6BECF8A887CF}.Debug|Any CPU.ActiveCfg = Debug|Any CPU
		{546E18E4-AECE-B3FB-F632-6BECF8A887CF}.Debug|Any CPU.Build.0 = Debug|Any CPU
		{546E18E4-AECE-B3FB-F632-6BECF8A887CF}.Release|Any CPU.ActiveCfg = Release|Any CPU
		{546E18E4-AECE-B3FB-F632-6BECF8A887CF}.Release|Any CPU.Build.0 = Release|Any CPU
		{F42233A5-C7DF-9CB0-B3FC-0CBB95931519}.Debug|Any CPU.ActiveCfg = Debug|Any CPU
		{F42233A5-C7DF-9CB0-B3FC-0CBB95931519}.Debug|Any CPU.Build.0 = Debug|Any CPU
		{F42233A5-C7DF-9CB0-B3FC-0CBB95931519}.Release|Any CPU.ActiveCfg = Release|Any CPU
		{F42233A5-C7DF-9CB0-B3FC-0CBB95931519}.Release|Any CPU.Build.0 = Release|Any CPU
		{B8B7D499-8FF0-4C70-E1B5-3A914BF14183}.Debug|Any CPU.ActiveCfg = Debug|Any CPU
		{B8B7D499-8FF0-4C70-E1B5-3A914BF14183}.Debug|Any CPU.Build.0 = Debug|Any CPU
		{B8B7D499-8FF0-4C70-E1B5-3A914BF14183}.Release|Any CPU.ActiveCfg = Release|Any CPU
		{B8B7D499-8FF0-4C70-E1B5-3A914BF14183}.Release|Any CPU.Build.0 = Release|Any CPU
		{6038FEFE-A958-3477-5913-4410EBEC17C9}.Debug|Any CPU.ActiveCfg = Debug|Any CPU
		{6038FEFE-A958-3477-5913-4410EBEC17C9}.Debug|Any CPU.Build.0 = Debug|Any CPU
		{6038FEFE-A958-3477-5913-4410EBEC17C9}.Release|Any CPU.ActiveCfg = Release|Any CPU
		{6038FEFE-A958-3477-5913-4410EBEC17C9}.Release|Any CPU.Build.0 = Release|Any CPU
		{476D251F-1077-CD70-5E6E-DCB1D9013A3E}.Debug|Any CPU.ActiveCfg = Debug|Any CPU
		{476D251F-1077-CD70-5E6E-DCB1D9013A3E}.Debug|Any CPU.Build.0 = Debug|Any CPU
		{476D251F-1077-CD70-5E6E-DCB1D9013A3E}.Release|Any CPU.ActiveCfg = Release|Any CPU
		{476D251F-1077-CD70-5E6E-DCB1D9013A3E}.Release|Any CPU.Build.0 = Release|Any CPU
		{AC3DB59F-DB6A-180B-3DBE-E9CAD9EE80A1}.Debug|Any CPU.ActiveCfg = Debug|Any CPU
		{AC3DB59F-DB6A-180B-3DBE-E9CAD9EE80A1}.Debug|Any CPU.Build.0 = Debug|Any CPU
		{AC3DB59F-DB6A-180B-3DBE-E9CAD9EE80A1}.Release|Any CPU.ActiveCfg = Release|Any CPU
		{AC3DB59F-DB6A-180B-3DBE-E9CAD9EE80A1}.Release|Any CPU.Build.0 = Release|Any CPU
		{3AEFE3ED-CA1C-B4B0-6D63-0DB3CC82D4A8}.Debug|Any CPU.ActiveCfg = Debug|Any CPU
		{3AEFE3ED-CA1C-B4B0-6D63-0DB3CC82D4A8}.Debug|Any CPU.Build.0 = Debug|Any CPU
		{3AEFE3ED-CA1C-B4B0-6D63-0DB3CC82D4A8}.Release|Any CPU.ActiveCfg = Release|Any CPU
		{3AEFE3ED-CA1C-B4B0-6D63-0DB3CC82D4A8}.Release|Any CPU.Build.0 = Release|Any CPU
		{10AD4137-5CBF-B88C-BCC8-43AD42935E80}.Debug|Any CPU.ActiveCfg = Debug|Any CPU
		{10AD4137-5CBF-B88C-BCC8-43AD42935E80}.Debug|Any CPU.Build.0 = Debug|Any CPU
		{10AD4137-5CBF-B88C-BCC8-43AD42935E80}.Release|Any CPU.ActiveCfg = Release|Any CPU
		{10AD4137-5CBF-B88C-BCC8-43AD42935E80}.Release|Any CPU.Build.0 = Release|Any CPU
	EndGlobalSection
	GlobalSection(SolutionProperties) = preSolution
		HideSolutionNode = FALSE
	EndGlobalSection
EndGlobal
